
Microsoft Visual Studio Solution File, Format Version 12.00
# Visual Studio Version 17
VisualStudioVersion = 17.3.32901.215
MinimumVisualStudioVersion = 10.0.40219.1
Project("{8BC9CEB8-8B4A-11D0-8D11-00A0C91BC942}") = "Main SFML Template1", "Main SFML Template1\Main SFML Template1.vcxproj", "{C844A42E-6956-4784-B390-4184E4E36665}"
EndProject
Global
	GlobalSection(SolutionConfigurationPlatforms) = preSolution
		Debug|x64 = Debug|x64
		Debug|x86 = Debug|x86
		Release|x64 = Release|x64
		Release|x86 = Release|x86
	EndGlobalSection
	GlobalSection(ProjectConfigurationPlatforms) = postSolution
		{C844A42E-6956-4784-B390-4184E4E36665}.Debug|x64.ActiveCfg = Debug|x64
		{C844A42E-6956-4784-B390-4184E4E36665}.Debug|x64.Build.0 = Debug|x64
		{C844A42E-6956-4784-B390-4184E4E36665}.Debug|x86.ActiveCfg = Debug|Win32
		{C844A42E-6956-4784-B390-4184E4E36665}.Debug|x86.Build.0 = Debug|Win32
		{C844A42E-6956-4784-B390-4184E4E36665}.Release|x64.ActiveCfg = Release|x64
		{C844A42E-6956-4784-B390-4184E4E36665}.Release|x64.Build.0 = Release|x64
		{C844A42E-6956-4784-B390-4184E4E36665}.Release|x86.ActiveCfg = Release|Win32
		{C844A42E-6956-4784-B390-4184E4E36665}.Release|x86.Build.0 = Release|Win32
	EndGlobalSection
	GlobalSection(SolutionProperties) = preSolution
		HideSolutionNode = FALSE
	EndGlobalSection
	GlobalSection(ExtensibilityGlobals) = postSolution
		SolutionGuid = {3E19D06A-5B7F-42F4-9D79-E1EE42C46826}
	EndGlobalSection
EndGlobal
